{
  "version": 4,
  "terraform_version": "1.9.7",
  "serial": 23,
  "lineage": "c1275d36-9025-4da8-e966-5d68cfe99bda",
  "outputs": {},
  "resources": [
    {
      "mode": "managed",
      "type": "azurerm_management_lock",
      "name": "pip_lock",
      "provider": "provider[\"registry.terraform.io/hashicorp/azurerm\"]",
      "instances": [
        {
          "schema_version": 0,
          "attributes": {
            "id": "/subscriptions/f432a24d-fc29-4e0a-9868-05f6e415e557/resourceGroups/rg-terraform-01/providers/Microsoft.Network/publicIPAddresses/demo-pip001/providers/Microsoft.Authorization/locks/pip-lock",
            "lock_level": "CanNotDelete",
            "name": "pip-lock",
            "notes": "Locked because it's needed by a third-party",
            "scope": "/subscriptions/f432a24d-fc29-4e0a-9868-05f6e415e557/resourceGroups/rg-terraform-01/providers/Microsoft.Network/publicIPAddresses/demo-pip001",
            "timeouts": null
          },
          "sensitive_attributes": [],
          "private": "eyJlMmJmYjczMC1lY2FhLTExZTYtOGY4OC0zNDM2M2JjN2M0YzAiOnsiY3JlYXRlIjoxODAwMDAwMDAwMDAwLCJkZWxldGUiOjE4MDAwMDAwMDAwMDAsInJlYWQiOjMwMDAwMDAwMDAwMH19",
          "dependencies": [
            "module.publicip.azurerm_public_ip.pipdetails",
            "module.resourcegroup.azurerm_resource_group.rgname"
          ]
        }
      ]
    },
    {
      "mode": "managed",
      "type": "azurerm_management_lock",
      "name": "storage_lock",
      "provider": "provider[\"registry.terraform.io/hashicorp/azurerm\"]",
      "instances": [
        {
          "schema_version": 0,
          "attributes": {
            "id": "/subscriptions/f432a24d-fc29-4e0a-9868-05f6e415e557/resourceGroups/rg-terraform-01/providers/Microsoft.Storage/storageAccounts/stacc206ogv/providers/Microsoft.Authorization/locks/storage-lock",
            "lock_level": "CanNotDelete",
            "name": "storage-lock",
            "notes": "Locked because it's needed by a third-party",
            "scope": "/subscriptions/f432a24d-fc29-4e0a-9868-05f6e415e557/resourceGroups/rg-terraform-01/providers/Microsoft.Storage/storageAccounts/stacc206ogv",
            "timeouts": null
          },
          "sensitive_attributes": [],
          "private": "eyJlMmJmYjczMC1lY2FhLTExZTYtOGY4OC0zNDM2M2JjN2M0YzAiOnsiY3JlYXRlIjoxODAwMDAwMDAwMDAwLCJkZWxldGUiOjE4MDAwMDAwMDAwMDAsInJlYWQiOjMwMDAwMDAwMDAwMH19",
          "dependencies": [
            "module.resourcegroup.azurerm_resource_group.rgname",
            "module.storageaccount.azurerm_storage_account.st",
            "module.storageaccount.random_string.random"
          ]
        }
      ]
    },
    {
      "module": "module.networkcard",
      "mode": "managed",
      "type": "azurerm_network_interface",
      "name": "nicdetails",
      "provider": "provider[\"registry.terraform.io/hashicorp/azurerm\"]",
      "instances": [
        {
          "schema_version": 0,
          "attributes": {
            "accelerated_networking_enabled": false,
            "applied_dns_servers": [],
            "auxiliary_mode": "",
            "auxiliary_sku": "",
            "dns_servers": [],
            "edge_zone": "",
            "id": "/subscriptions/f432a24d-fc29-4e0a-9868-05f6e415e557/resourceGroups/rg-terraform-01/providers/Microsoft.Network/networkInterfaces/demo-nic01",
            "internal_dns_name_label": "",
            "internal_domain_name_suffix": "2bvefw03cnrupjh3f5exrbslsg.hx.internal.cloudapp.net",
            "ip_configuration": [
              {
                "gateway_load_balancer_frontend_ip_configuration_id": "",
                "name": "internal",
                "primary": true,
                "private_ip_address": "10.0.1.4",
                "private_ip_address_allocation": "Dynamic",
                "private_ip_address_version": "IPv4",
                "public_ip_address_id": "/subscriptions/f432a24d-fc29-4e0a-9868-05f6e415e557/resourceGroups/rg-terraform-01/providers/Microsoft.Network/publicIPAddresses/demo-pip001",
                "subnet_id": "/subscriptions/f432a24d-fc29-4e0a-9868-05f6e415e557/resourceGroups/rg-terraform-01/providers/Microsoft.Network/virtualNetworks/demo-subnet/subnets/app-subnet"
              }
            ],
            "ip_forwarding_enabled": false,
            "location": "eastasia",
            "mac_address": "",
            "name": "demo-nic01",
            "private_ip_address": "10.0.1.4",
            "private_ip_addresses": [
              "10.0.1.4"
            ],
            "resource_group_name": "rg-terraform-01",
            "tags": {},
            "timeouts": null,
            "virtual_machine_id": ""
          },
          "sensitive_attributes": [],
          "private": "eyJlMmJmYjczMC1lY2FhLTExZTYtOGY4OC0zNDM2M2JjN2M0YzAiOnsiY3JlYXRlIjoxODAwMDAwMDAwMDAwLCJkZWxldGUiOjE4MDAwMDAwMDAwMDAsInJlYWQiOjMwMDAwMDAwMDAwMCwidXBkYXRlIjoxODAwMDAwMDAwMDAwfX0=",
          "dependencies": [
            "module.publicip.azurerm_public_ip.pipdetails",
            "module.resourcegroup.azurerm_resource_group.rgname",
            "module.virtualnetwork.azurerm_subnet.app_subnet",
            "module.virtualnetwork.azurerm_virtual_network.vnetname"
          ]
        }
      ]
    },
    {
      "module": "module.nsg",
      "mode": "managed",
      "type": "azurerm_network_security_group",
      "name": "nsgdetails",
      "provider": "provider[\"registry.terraform.io/hashicorp/azurerm\"]",
      "instances": [
        {
          "schema_version": 0,
          "attributes": {
            "id": "/subscriptions/f432a24d-fc29-4e0a-9868-05f6e415e557/resourceGroups/rg-terraform-01/providers/Microsoft.Network/networkSecurityGroups/demo-nsg01",
            "location": "eastasia",
            "name": "demo-nsg01",
            "resource_group_name": "rg-terraform-01",
            "security_rule": [
              {
                "access": "Allow",
                "description": "",
                "destination_address_prefix": "*",
                "destination_address_prefixes": [],
                "destination_application_security_group_ids": [],
                "destination_port_range": "*",
                "destination_port_ranges": [],
                "direction": "Inbound",
                "name": "test123",
                "priority": 100,
                "protocol": "Tcp",
                "source_address_prefix": "*",
                "source_address_prefixes": [],
                "source_application_security_group_ids": [],
                "source_port_range": "*",
                "source_port_ranges": []
              }
            ],
            "tags": {},
            "timeouts": null
          },
          "sensitive_attributes": [],
          "private": "eyJlMmJmYjczMC1lY2FhLTExZTYtOGY4OC0zNDM2M2JjN2M0YzAiOnsiY3JlYXRlIjoxODAwMDAwMDAwMDAwLCJkZWxldGUiOjE4MDAwMDAwMDAwMDAsInJlYWQiOjMwMDAwMDAwMDAwMCwidXBkYXRlIjoxODAwMDAwMDAwMDAwfX0=",
          "dependencies": [
            "module.resourcegroup.azurerm_resource_group.rgname"
          ]
        }
      ]
    },
    {
      "module": "module.nsg",
      "mode": "managed",
      "type": "azurerm_subnet_network_security_group_association",
      "name": "nsglink",
      "provider": "provider[\"registry.terraform.io/hashicorp/azurerm\"]",
      "instances": [
        {
          "schema_version": 0,
          "attributes": {
            "id": "/subscriptions/f432a24d-fc29-4e0a-9868-05f6e415e557/resourceGroups/rg-terraform-01/providers/Microsoft.Network/virtualNetworks/demo-subnet/subnets/app-subnet",
            "network_security_group_id": "/subscriptions/f432a24d-fc29-4e0a-9868-05f6e415e557/resourceGroups/rg-terraform-01/providers/Microsoft.Network/networkSecurityGroups/demo-nsg01",
            "subnet_id": "/subscriptions/f432a24d-fc29-4e0a-9868-05f6e415e557/resourceGroups/rg-terraform-01/providers/Microsoft.Network/virtualNetworks/demo-subnet/subnets/app-subnet",
            "timeouts": null
          },
          "sensitive_attributes": [],
          "private": "eyJlMmJmYjczMC1lY2FhLTExZTYtOGY4OC0zNDM2M2JjN2M0YzAiOnsiY3JlYXRlIjoxODAwMDAwMDAwMDAwLCJkZWxldGUiOjE4MDAwMDAwMDAwMDAsInJlYWQiOjMwMDAwMDAwMDAwMH19",
          "dependencies": [
            "module.nsg.azurerm_network_security_group.nsgdetails",
            "module.resourcegroup.azurerm_resource_group.rgname",
            "module.virtualnetwork.azurerm_subnet.app_subnet",
            "module.virtualnetwork.azurerm_virtual_network.vnetname"
          ]
        }
      ]
    },
    {
      "module": "module.publicip",
      "mode": "managed",
      "type": "azurerm_public_ip",
      "name": "pipdetails",
      "provider": "provider[\"registry.terraform.io/hashicorp/azurerm\"]",
      "instances": [
        {
          "schema_version": 0,
          "attributes": {
            "allocation_method": "Static",
            "ddos_protection_mode": "VirtualNetworkInherited",
            "ddos_protection_plan_id": null,
            "domain_name_label": null,
            "domain_name_label_scope": null,
            "edge_zone": "",
            "fqdn": null,
            "id": "/subscriptions/f432a24d-fc29-4e0a-9868-05f6e415e557/resourceGroups/rg-terraform-01/providers/Microsoft.Network/publicIPAddresses/demo-pip001",
            "idle_timeout_in_minutes": 4,
            "ip_address": "52.175.27.161",
            "ip_tags": {},
            "ip_version": "IPv4",
            "location": "eastasia",
            "name": "demo-pip001",
            "public_ip_prefix_id": null,
            "resource_group_name": "rg-terraform-01",
            "reverse_fqdn": null,
            "sku": "Standard",
            "sku_tier": "Regional",
            "tags": {},
            "timeouts": null,
            "zones": []
          },
          "sensitive_attributes": [],
          "private": "eyJlMmJmYjczMC1lY2FhLTExZTYtOGY4OC0zNDM2M2JjN2M0YzAiOnsiY3JlYXRlIjoxODAwMDAwMDAwMDAwLCJkZWxldGUiOjE4MDAwMDAwMDAwMDAsInJlYWQiOjMwMDAwMDAwMDAwMCwidXBkYXRlIjoxODAwMDAwMDAwMDAwfX0=",
          "dependencies": [
            "module.resourcegroup.azurerm_resource_group.rgname"
          ]
        }
      ]
    },
    {
      "module": "module.resourcegroup",
      "mode": "managed",
      "type": "azurerm_resource_group",
      "name": "rgname",
      "provider": "provider[\"registry.terraform.io/hashicorp/azurerm\"]",
      "instances": [
        {
          "schema_version": 0,
          "attributes": {
            "id": "/subscriptions/f432a24d-fc29-4e0a-9868-05f6e415e557/resourceGroups/rg-terraform-01",
            "location": "eastasia",
            "managed_by": "",
            "name": "rg-terraform-01",
            "tags": {},
            "timeouts": null
          },
          "sensitive_attributes": [],
          "private": "eyJlMmJmYjczMC1lY2FhLTExZTYtOGY4OC0zNDM2M2JjN2M0YzAiOnsiY3JlYXRlIjo1NDAwMDAwMDAwMDAwLCJkZWxldGUiOjU0MDAwMDAwMDAwMDAsInJlYWQiOjMwMDAwMDAwMDAwMCwidXBkYXRlIjo1NDAwMDAwMDAwMDAwfX0="
        }
      ]
    },
    {
      "module": "module.storageaccount",
      "mode": "managed",
      "type": "azurerm_storage_account",
      "name": "st",
      "provider": "provider[\"registry.terraform.io/hashicorp/azurerm\"]",
      "instances": [
        {
          "schema_version": 4,
          "attributes": {
            "access_tier": "Hot",
            "account_kind": "StorageV2",
            "account_replication_type": "LRS",
            "account_tier": "Standard",
            "allow_nested_items_to_be_public": true,
            "allowed_copy_scope": "",
            "azure_files_authentication": [],
            "blob_properties": [
              {
                "change_feed_enabled": false,
                "change_feed_retention_in_days": 0,
                "container_delete_retention_policy": [],
                "cors_rule": [],
                "default_service_version": "",
                "delete_retention_policy": [],
                "last_access_time_enabled": false,
                "restore_policy": [],
                "versioning_enabled": false
              }
            ],
            "cross_tenant_replication_enabled": false,
            "custom_domain": [],
            "customer_managed_key": [],
            "default_to_oauth_authentication": false,
            "dns_endpoint_type": "Standard",
            "edge_zone": "",
            "https_traffic_only_enabled": true,
            "id": "/subscriptions/f432a24d-fc29-4e0a-9868-05f6e415e557/resourceGroups/rg-terraform-01/providers/Microsoft.Storage/storageAccounts/stacc206ogv",
            "identity": [],
            "immutability_policy": [],
            "infrastructure_encryption_enabled": false,
            "is_hns_enabled": false,
            "large_file_share_enabled": false,
            "local_user_enabled": true,
            "location": "eastasia",
            "min_tls_version": "TLS1_2",
            "name": "stacc206ogv",
            "network_rules": [],
            "nfsv3_enabled": false,
            "primary_access_key": "42QzHvz2iS0NwAXJ/8Nh8gtudonASP6E9ku2TNbZxhaOSMG3IeNTraijNejtdcugw+ZN37WetnYh+AStPhjZKw==",
            "primary_blob_connection_string": "DefaultEndpointsProtocol=https;BlobEndpoint=https://stacc206ogv.blob.core.windows.net/;AccountName=stacc206ogv;AccountKey=42QzHvz2iS0NwAXJ/8Nh8gtudonASP6E9ku2TNbZxhaOSMG3IeNTraijNejtdcugw+ZN37WetnYh+AStPhjZKw==",
            "primary_blob_endpoint": "https://stacc206ogv.blob.core.windows.net/",
            "primary_blob_host": "stacc206ogv.blob.core.windows.net",
            "primary_blob_internet_endpoint": "",
            "primary_blob_internet_host": "",
            "primary_blob_microsoft_endpoint": "",
            "primary_blob_microsoft_host": "",
            "primary_connection_string": "DefaultEndpointsProtocol=https;AccountName=stacc206ogv;AccountKey=42QzHvz2iS0NwAXJ/8Nh8gtudonASP6E9ku2TNbZxhaOSMG3IeNTraijNejtdcugw+ZN37WetnYh+AStPhjZKw==;EndpointSuffix=core.windows.net",
            "primary_dfs_endpoint": "https://stacc206ogv.dfs.core.windows.net/",
            "primary_dfs_host": "stacc206ogv.dfs.core.windows.net",
            "primary_dfs_internet_endpoint": "",
            "primary_dfs_internet_host": "",
            "primary_dfs_microsoft_endpoint": "",
            "primary_dfs_microsoft_host": "",
            "primary_file_endpoint": "https://stacc206ogv.file.core.windows.net/",
            "primary_file_host": "stacc206ogv.file.core.windows.net",
            "primary_file_internet_endpoint": "",
            "primary_file_internet_host": "",
            "primary_file_microsoft_endpoint": "",
            "primary_file_microsoft_host": "",
            "primary_location": "eastasia",
            "primary_queue_endpoint": "https://stacc206ogv.queue.core.windows.net/",
            "primary_queue_host": "stacc206ogv.queue.core.windows.net",
            "primary_queue_microsoft_endpoint": "",
            "primary_queue_microsoft_host": "",
            "primary_table_endpoint": "https://stacc206ogv.table.core.windows.net/",
            "primary_table_host": "stacc206ogv.table.core.windows.net",
            "primary_table_microsoft_endpoint": "",
            "primary_table_microsoft_host": "",
            "primary_web_endpoint": "https://stacc206ogv.z7.web.core.windows.net/",
            "primary_web_host": "stacc206ogv.z7.web.core.windows.net",
            "primary_web_internet_endpoint": "",
            "primary_web_internet_host": "",
            "primary_web_microsoft_endpoint": "",
            "primary_web_microsoft_host": "",
            "public_network_access_enabled": true,
            "queue_encryption_key_type": "Service",
            "queue_properties": [
              {
                "cors_rule": [],
                "hour_metrics": [
                  {
                    "enabled": true,
                    "include_apis": true,
                    "retention_policy_days": 7,
                    "version": "1.0"
                  }
                ],
                "logging": [
                  {
                    "delete": false,
                    "read": false,
                    "retention_policy_days": 0,
                    "version": "1.0",
                    "write": false
                  }
                ],
                "minute_metrics": [
                  {
                    "enabled": false,
                    "include_apis": false,
                    "retention_policy_days": 0,
                    "version": "1.0"
                  }
                ]
              }
            ],
            "resource_group_name": "rg-terraform-01",
            "routing": [],
            "sas_policy": [],
            "secondary_access_key": "/CgaZqq+tDaGc/azcUnFRBH+F/EfLs0QzfPVTZ+mHOZI4Pd+JlNM+DMYEfUA3ZCcLo68kUi3EpAK+AStJxBKKA==",
            "secondary_blob_connection_string": "",
            "secondary_blob_endpoint": "",
            "secondary_blob_host": "",
            "secondary_blob_internet_endpoint": "",
            "secondary_blob_internet_host": "",
            "secondary_blob_microsoft_endpoint": "",
            "secondary_blob_microsoft_host": "",
            "secondary_connection_string": "DefaultEndpointsProtocol=https;AccountName=stacc206ogv;AccountKey=/CgaZqq+tDaGc/azcUnFRBH+F/EfLs0QzfPVTZ+mHOZI4Pd+JlNM+DMYEfUA3ZCcLo68kUi3EpAK+AStJxBKKA==;EndpointSuffix=core.windows.net",
            "secondary_dfs_endpoint": "",
            "secondary_dfs_host": "",
            "secondary_dfs_internet_endpoint": "",
            "secondary_dfs_internet_host": "",
            "secondary_dfs_microsoft_endpoint": "",
            "secondary_dfs_microsoft_host": "",
            "secondary_file_endpoint": "",
            "secondary_file_host": "",
            "secondary_file_internet_endpoint": "",
            "secondary_file_internet_host": "",
            "secondary_file_microsoft_endpoint": "",
            "secondary_file_microsoft_host": "",
            "secondary_location": "",
            "secondary_queue_endpoint": "",
            "secondary_queue_host": "",
            "secondary_queue_microsoft_endpoint": "",
            "secondary_queue_microsoft_host": "",
            "secondary_table_endpoint": "",
            "secondary_table_host": "",
            "secondary_table_microsoft_endpoint": "",
            "secondary_table_microsoft_host": "",
            "secondary_web_endpoint": "",
            "secondary_web_host": "",
            "secondary_web_internet_endpoint": "",
            "secondary_web_internet_host": "",
            "secondary_web_microsoft_endpoint": "",
            "secondary_web_microsoft_host": "",
            "sftp_enabled": false,
            "share_properties": [
              {
                "cors_rule": [],
                "retention_policy": [
                  {
                    "days": 7
                  }
                ],
                "smb": []
              }
            ],
            "shared_access_key_enabled": true,
            "static_website": [],
            "table_encryption_key_type": "Service",
            "tags": {},
            "timeouts": null
          },
          "sensitive_attributes": [
            [
              {
                "type": "get_attr",
                "value": "primary_connection_string"
              }
            ],
            [
              {
                "type": "get_attr",
                "value": "secondary_blob_connection_string"
              }
            ],
            [
              {
                "type": "get_attr",
                "value": "primary_access_key"
              }
            ],
            [
              {
                "type": "get_attr",
                "value": "primary_blob_connection_string"
              }
            ],
            [
              {
                "type": "get_attr",
                "value": "secondary_connection_string"
              }
            ],
            [
              {
                "type": "get_attr",
                "value": "secondary_access_key"
              }
            ]
          ],
          "private": "eyJlMmJmYjczMC1lY2FhLTExZTYtOGY4OC0zNDM2M2JjN2M0YzAiOnsiY3JlYXRlIjozNjAwMDAwMDAwMDAwLCJkZWxldGUiOjM2MDAwMDAwMDAwMDAsInJlYWQiOjMwMDAwMDAwMDAwMCwidXBkYXRlIjozNjAwMDAwMDAwMDAwfSwic2NoZW1hX3ZlcnNpb24iOiI0In0=",
          "dependencies": [
            "module.resourcegroup.azurerm_resource_group.rgname",
            "module.storageaccount.random_string.random"
          ]
        }
      ]
    },
    {
      "module": "module.storageaccount",
      "mode": "managed",
      "type": "random_string",
      "name": "random",
      "provider": "provider[\"registry.terraform.io/hashicorp/random\"]",
      "instances": [
        {
          "schema_version": 2,
          "attributes": {
            "id": "206ogv",
            "keepers": null,
            "length": 6,
            "lower": true,
            "min_lower": 0,
            "min_numeric": 0,
            "min_special": 0,
            "min_upper": 0,
            "number": true,
            "numeric": true,
            "override_special": null,
            "result": "206ogv",
            "special": false,
            "upper": false
          },
          "sensitive_attributes": []
        }
      ]
    },
    {
      "module": "module.virtualnetwork",
      "mode": "managed",
      "type": "azurerm_subnet",
      "name": "app_subnet",
      "provider": "provider[\"registry.terraform.io/hashicorp/azurerm\"]",
      "instances": [
        {
          "schema_version": 0,
          "attributes": {
            "address_prefixes": [
              "10.0.1.0/24"
            ],
            "default_outbound_access_enabled": true,
            "delegation": [],
            "id": "/subscriptions/f432a24d-fc29-4e0a-9868-05f6e415e557/resourceGroups/rg-terraform-01/providers/Microsoft.Network/virtualNetworks/demo-subnet/subnets/app-subnet",
            "name": "app-subnet",
            "private_endpoint_network_policies": "Disabled",
            "private_link_service_network_policies_enabled": true,
            "resource_group_name": "rg-terraform-01",
            "service_endpoint_policy_ids": [],
            "service_endpoints": [],
            "timeouts": null,
            "virtual_network_name": "demo-subnet"
          },
          "sensitive_attributes": [],
          "private": "eyJlMmJmYjczMC1lY2FhLTExZTYtOGY4OC0zNDM2M2JjN2M0YzAiOnsiY3JlYXRlIjoxODAwMDAwMDAwMDAwLCJkZWxldGUiOjE4MDAwMDAwMDAwMDAsInJlYWQiOjMwMDAwMDAwMDAwMCwidXBkYXRlIjoxODAwMDAwMDAwMDAwfX0=",
          "dependencies": [
            "module.resourcegroup.azurerm_resource_group.rgname",
            "module.virtualnetwork.azurerm_virtual_network.vnetname"
          ]
        }
      ]
    },
    {
      "module": "module.virtualnetwork",
      "mode": "managed",
      "type": "azurerm_subnet",
      "name": "db_subnet",
      "provider": "provider[\"registry.terraform.io/hashicorp/azurerm\"]",
      "instances": [
        {
          "schema_version": 0,
          "attributes": {
            "address_prefixes": [
              "10.0.2.0/24"
            ],
            "default_outbound_access_enabled": true,
            "delegation": [],
            "id": "/subscriptions/f432a24d-fc29-4e0a-9868-05f6e415e557/resourceGroups/rg-terraform-01/providers/Microsoft.Network/virtualNetworks/demo-subnet/subnets/db-subnet",
            "name": "db-subnet",
            "private_endpoint_network_policies": "Disabled",
            "private_link_service_network_policies_enabled": true,
            "resource_group_name": "rg-terraform-01",
            "service_endpoint_policy_ids": [],
            "service_endpoints": [],
            "timeouts": null,
            "virtual_network_name": "demo-subnet"
          },
          "sensitive_attributes": [],
          "private": "eyJlMmJmYjczMC1lY2FhLTExZTYtOGY4OC0zNDM2M2JjN2M0YzAiOnsiY3JlYXRlIjoxODAwMDAwMDAwMDAwLCJkZWxldGUiOjE4MDAwMDAwMDAwMDAsInJlYWQiOjMwMDAwMDAwMDAwMCwidXBkYXRlIjoxODAwMDAwMDAwMDAwfX0=",
          "dependencies": [
            "module.resourcegroup.azurerm_resource_group.rgname",
            "module.virtualnetwork.azurerm_virtual_network.vnetname"
          ]
        }
      ]
    },
    {
      "module": "module.virtualnetwork",
      "mode": "managed",
      "type": "azurerm_virtual_network",
      "name": "vnetname",
      "provider": "provider[\"registry.terraform.io/hashicorp/azurerm\"]",
      "instances": [
        {
          "schema_version": 0,
          "attributes": {
            "address_space": [
              "10.0.0.0/16"
            ],
            "bgp_community": "",
            "ddos_protection_plan": [],
            "dns_servers": [],
            "edge_zone": "",
            "encryption": [],
            "flow_timeout_in_minutes": 0,
            "guid": "db426ae0-135d-4763-a4fd-2fc978864b96",
            "id": "/subscriptions/f432a24d-fc29-4e0a-9868-05f6e415e557/resourceGroups/rg-terraform-01/providers/Microsoft.Network/virtualNetworks/demo-subnet",
            "location": "eastasia",
            "name": "demo-subnet",
            "resource_group_name": "rg-terraform-01",
            "subnet": [
              {
                "address_prefixes": [
                  "10.0.1.0/24"
                ],
                "default_outbound_access_enabled": true,
                "delegation": [],
                "id": "/subscriptions/f432a24d-fc29-4e0a-9868-05f6e415e557/resourceGroups/rg-terraform-01/providers/Microsoft.Network/virtualNetworks/demo-subnet/subnets/app-subnet",
                "name": "app-subnet",
                "private_endpoint_network_policies": "Disabled",
                "private_link_service_network_policies_enabled": true,
                "route_table_id": "",
                "security_group": "/subscriptions/f432a24d-fc29-4e0a-9868-05f6e415e557/resourceGroups/rg-terraform-01/providers/Microsoft.Network/networkSecurityGroups/demo-nsg01",
                "service_endpoint_policy_ids": [],
                "service_endpoints": []
              },
              {
                "address_prefixes": [
                  "10.0.2.0/24"
                ],
                "default_outbound_access_enabled": true,
                "delegation": [],
                "id": "/subscriptions/f432a24d-fc29-4e0a-9868-05f6e415e557/resourceGroups/rg-terraform-01/providers/Microsoft.Network/virtualNetworks/demo-subnet/subnets/db-subnet",
                "name": "db-subnet",
                "private_endpoint_network_policies": "Disabled",
                "private_link_service_network_policies_enabled": true,
                "route_table_id": "",
                "security_group": "",
                "service_endpoint_policy_ids": [],
                "service_endpoints": []
              }
            ],
            "tags": {},
            "timeouts": null
          },
          "sensitive_attributes": [],
          "private": "eyJlMmJmYjczMC1lY2FhLTExZTYtOGY4OC0zNDM2M2JjN2M0YzAiOnsiY3JlYXRlIjoxODAwMDAwMDAwMDAwLCJkZWxldGUiOjE4MDAwMDAwMDAwMDAsInJlYWQiOjMwMDAwMDAwMDAwMCwidXBkYXRlIjoxODAwMDAwMDAwMDAwfX0=",
          "dependencies": [
            "module.resourcegroup.azurerm_resource_group.rgname"
          ]
        }
      ]
    }
  ],
  "check_results": null
}
